
Microsoft Visual Studio Solution File, Format Version 12.00
# Visual Studio 2013
VisualStudioVersion = 12.0.31101.0
MinimumVisualStudioVersion = 10.0.40219.1
Project("{FAE04EC0-301F-11D3-BF4B-00C04F79EFBC}") = "yaTimeTracker.Core", "yaTimeTracker.Core\yaTimeTracker.Core.csproj", "{3837DCCF-834C-47D1-8A1D-03AA7719F7F8}"
EndProject
Project("{FAE04EC0-301F-11D3-BF4B-00C04F79EFBC}") = "yaTimeTracker.Data", "yaTimeTracker.Data\yaTimeTracker.Data.csproj", "{19ABB390-6821-451C-95AC-226A3F76DEB1}"
EndProject
Project("{FAE04EC0-301F-11D3-BF4B-00C04F79EFBC}") = "yaTimeTracker.Service", "yaTimeTracker.Service\yaTimeTracker.Service.csproj", "{B0678B78-B4F1-4700-BAA5-CF5DF1A30BB5}"
EndProject
Project("{FAE04EC0-301F-11D3-BF4B-00C04F79EFBC}") = "yaTimeTracker.Website", "yaTimeTracker.Website\yaTimeTracker.Website.csproj", "{671BBAA7-D911-446D-A056-4B11B0E5659B}"
EndProject
Project("{2150E333-8FDC-42A3-9474-1A3956D46DE8}") = ".nuget", ".nuget", "{486541FB-5CE4-45C3-A1B7-8492F12A2F14}"
	ProjectSection(SolutionItems) = preProject
		.nuget\NuGet.Config = .nuget\NuGet.Config
		.nuget\NuGet.exe = .nuget\NuGet.exe
		.nuget\NuGet.targets = .nuget\NuGet.targets
	EndProjectSection
EndProject
Global
	GlobalSection(SolutionConfigurationPlatforms) = preSolution
		Debug|Any CPU = Debug|Any CPU
		Release|Any CPU = Release|Any CPU
	EndGlobalSection
	GlobalSection(ProjectConfigurationPlatforms) = postSolution
		{3837DCCF-834C-47D1-8A1D-03AA7719F7F8}.Debug|Any CPU.ActiveCfg = Debug|Any CPU
		{3837DCCF-834C-47D1-8A1D-03AA7719F7F8}.Debug|Any CPU.Build.0 = Debug|Any CPU
		{3837DCCF-834C-47D1-8A1D-03AA7719F7F8}.Release|Any CPU.ActiveCfg = Release|Any CPU
		{3837DCCF-834C-47D1-8A1D-03AA7719F7F8}.Release|Any CPU.Build.0 = Release|Any CPU
		{19ABB390-6821-451C-95AC-226A3F76DEB1}.Debug|Any CPU.ActiveCfg = Debug|Any CPU
		{19ABB390-6821-451C-95AC-226A3F76DEB1}.Debug|Any CPU.Build.0 = Debug|Any CPU
		{19ABB390-6821-451C-95AC-226A3F76DEB1}.Release|Any CPU.ActiveCfg = Release|Any CPU
		{19ABB390-6821-451C-95AC-226A3F76DEB1}.Release|Any CPU.Build.0 = Release|Any CPU
		{B0678B78-B4F1-4700-BAA5-CF5DF1A30BB5}.Debug|Any CPU.ActiveCfg = Debug|Any CPU
		{B0678B78-B4F1-4700-BAA5-CF5DF1A30BB5}.Debug|Any CPU.Build.0 = Debug|Any CPU
		{B0678B78-B4F1-4700-BAA5-CF5DF1A30BB5}.Release|Any CPU.ActiveCfg = Release|Any CPU
		{B0678B78-B4F1-4700-BAA5-CF5DF1A30BB5}.Release|Any CPU.Build.0 = Release|Any CPU
		{671BBAA7-D911-446D-A056-4B11B0E5659B}.Debug|Any CPU.ActiveCfg = Debug|Any CPU
		{671BBAA7-D911-446D-A056-4B11B0E5659B}.Debug|Any CPU.Build.0 = Debug|Any CPU
		{671BBAA7-D911-446D-A056-4B11B0E5659B}.Release|Any CPU.ActiveCfg = Release|Any CPU
		{671BBAA7-D911-446D-A056-4B11B0E5659B}.Release|Any CPU.Build.0 = Release|Any CPU
	EndGlobalSection
	GlobalSection(SolutionProperties) = preSolution
		HideSolutionNode = FALSE
	EndGlobalSection
EndGlobal
